
Microsoft Visual Studio Solution File, Format Version 12.00
# Visual Studio Version 17
VisualStudioVersion = 17.11.35327.3
MinimumVisualStudioVersion = 10.0.40219.1
Project("{FAE04EC0-301F-11D3-BF4B-00C04F79EFBC}") = "Problema_10", "Problema_10\Problema_10.csproj", "{03355DBE-D1B2-4D8F-8AC6-C0B39F0468D1}"
EndProject
Global
	GlobalSection(SolutionConfigurationPlatforms) = preSolution
		Debug|Any CPU = Debug|Any CPU
		Release|Any CPU = Release|Any CPU
	EndGlobalSection
	GlobalSection(ProjectConfigurationPlatforms) = postSolution
		{03355DBE-D1B2-4D8F-8AC6-C0B39F0468D1}.Debug|Any CPU.ActiveCfg = Debug|Any CPU
		{03355DBE-D1B2-4D8F-8AC6-C0B39F0468D1}.Debug|Any CPU.Build.0 = Debug|Any CPU
		{03355DBE-D1B2-4D8F-8AC6-C0B39F0468D1}.Release|Any CPU.ActiveCfg = Release|Any CPU
		{03355DBE-D1B2-4D8F-8AC6-C0B39F0468D1}.Release|Any CPU.Build.0 = Release|Any CPU
	EndGlobalSection
	GlobalSection(SolutionProperties) = preSolution
		HideSolutionNode = FALSE
	EndGlobalSection
	GlobalSection(ExtensibilityGlobals) = postSolution
		SolutionGuid = {EB9D2F2F-8AFC-435D-9817-5DBDB1263C5B}
	EndGlobalSection
EndGlobal
